
Microsoft Visual Studio Solution File, Format Version 12.00
# Visual Studio Version 17
VisualStudioVersion = 17.13.35806.99 d17.13
MinimumVisualStudioVersion = 10.0.40219.1
Project("{FAE04EC0-301F-11D3-BF4B-00C04F79EFBC}") = "RegSetting", "RegSetting\RegSetting.csproj", "{EE4F69DB-CC8E-4BCE-9373-46728A046ED7}"
EndProject
Global
	GlobalSection(SolutionConfigurationPlatforms) = preSolution
		Debug|Any CPU = Debug|Any CPU
		Release|Any CPU = Release|Any CPU
	EndGlobalSection
	GlobalSection(ProjectConfigurationPlatforms) = postSolution
		{EE4F69DB-CC8E-4BCE-9373-46728A046ED7}.Debug|Any CPU.ActiveCfg = Debug|Any CPU
		{EE4F69DB-CC8E-4BCE-9373-46728A046ED7}.Debug|Any CPU.Build.0 = Debug|Any CPU
		{EE4F69DB-CC8E-4BCE-9373-46728A046ED7}.Release|Any CPU.ActiveCfg = Release|Any CPU
		{EE4F69DB-CC8E-4BCE-9373-46728A046ED7}.Release|Any CPU.Build.0 = Release|Any CPU
	EndGlobalSection
	GlobalSection(SolutionProperties) = preSolution
		HideSolutionNode = FALSE
	EndGlobalSection
	GlobalSection(ExtensibilityGlobals) = postSolution
		SolutionGuid = {6D705E77-4F2C-4B64-A400-61239C6E01BE}
	EndGlobalSection
EndGlobal
